// !$*UTF8*$!
{
	archiveVersion = 1;
	classes = {
	};
	objectVersion = 46;
	objects = {

/* Begin PBXBuildFile section */
		0B1712751C22C6320043523D /* BG.png in Resources */ = {isa = PBXBuildFile; fileRef = 0B1712711C22C6320043523D /* BG.png */; };
		0B1712761C22C6320043523D /* Splash_Portrait.png in Resources */ = {isa = PBXBuildFile; fileRef = 0B1712721C22C6320043523D /* Splash_Portrait.png */; };
		0B1712771C22C6320043523D /* TableTennis.png in Resources */ = {isa = PBXBuildFile; fileRef = 0B1712731C22C6320043523D /* TableTennis.png */; };
		0B1712781C22C6320043523D /* TAG_Icon.png in Resources */ = {isa = PBXBuildFile; fileRef = 0B1712741C22C6320043523D /* TAG_Icon.png */; };
		2D7C0F3A1C2048DF00C4963F /* LaunchScreen.xib in Resources */ = {isa = PBXBuildFile; fileRef = 2D7C0F381C2048DF00C4963F /* LaunchScreen.xib */; };
		2D7C0F3C1C2048E900C4963F /* ViewController.swift in Sources */ = {isa = PBXBuildFile; fileRef = 2D7C0F3B1C2048E900C4963F /* ViewController.swift */; };
		2D92529F1C2133A6000F61BF /* Photos.framework in Frameworks */ = {isa = PBXBuildFile; fileRef = 2D9252951C2130D4000F61BF /* Photos.framework */; };
		2D9252A31C21368B000F61BF /* SaveImageUtility.swift in Sources */ = {isa = PBXBuildFile; fileRef = 2D9252A21C21368B000F61BF /* SaveImageUtility.swift */; };
		2DA2BA7F1C1FE5CC00F8D16B /* AppDelegate.swift in Sources */ = {isa = PBXBuildFile; fileRef = 2DA2BA7E1C1FE5CC00F8D16B /* AppDelegate.swift */; };
		2DA2BA841C1FE5CC00F8D16B /* Main.storyboard in Resources */ = {isa = PBXBuildFile; fileRef = 2DA2BA821C1FE5CC00F8D16B /* Main.storyboard */; };
		2DA2BA861C1FE5CC00F8D16B /* Assets.xcassets in Resources */ = {isa = PBXBuildFile; fileRef = 2DA2BA851C1FE5CC00F8D16B /* Assets.xcassets */; };
		2DA2BA941C1FE5CC00F8D16B /* ProgressIndicatorTests.swift in Sources */ = {isa = PBXBuildFile; fileRef = 2DA2BA931C1FE5CC00F8D16B /* ProgressIndicatorTests.swift */; };
		2DA2BA9F1C1FE5CC00F8D16B /* ProgressIndicatorUITests.swift in Sources */ = {isa = PBXBuildFile; fileRef = 2DA2BA9E1C1FE5CC00F8D16B /* ProgressIndicatorUITests.swift */; };
		2DA2BAB61C1FF12000F8D16B /* TAGProgressViewController.swift in Sources */ = {isa = PBXBuildFile; fileRef = 2DA2BAB41C1FF12000F8D16B /* TAGProgressViewController.swift */; };
		2DA2BAB81C1FF16800F8D16B /* ProgressWithTextViewController.swift in Sources */ = {isa = PBXBuildFile; fileRef = 2DA2BAB71C1FF16800F8D16B /* ProgressWithTextViewController.swift */; };
/* End PBXBuildFile section */

/* Begin PBXContainerItemProxy section */
		2DA2BA901C1FE5CC00F8D16B /* PBXContainerItemProxy */ = {
			isa = PBXContainerItemProxy;
			containerPortal = 2DA2BA731C1FE5CC00F8D16B /* Project object */;
			proxyType = 1;
			remoteGlobalIDString = 2DA2BA7A1C1FE5CC00F8D16B;
			remoteInfo = ProgressIndicator;
		};
		2DA2BA9B1C1FE5CC00F8D16B /* PBXContainerItemProxy */ = {
			isa = PBXContainerItemProxy;
			containerPortal = 2DA2BA731C1FE5CC00F8D16B /* Project object */;
			proxyType = 1;
			remoteGlobalIDString = 2DA2BA7A1C1FE5CC00F8D16B;
			remoteInfo = ProgressIndicator;
		};
/* End PBXContainerItemProxy section */

/* Begin PBXFileReference section */
		0B1712711C22C6320043523D /* BG.png */ = {isa = PBXFileReference; lastKnownFileType = image.png; path = BG.png; sourceTree = "<group>"; };
		0B1712721C22C6320043523D /* Splash_Portrait.png */ = {isa = PBXFileReference; lastKnownFileType = image.png; path = Splash_Portrait.png; sourceTree = "<group>"; };
		0B1712731C22C6320043523D /* TableTennis.png */ = {isa = PBXFileReference; lastKnownFileType = image.png; path = TableTennis.png; sourceTree = "<group>"; };
		0B1712741C22C6320043523D /* TAG_Icon.png */ = {isa = PBXFileReference; lastKnownFileType = image.png; path = TAG_Icon.png; sourceTree = "<group>"; };
		2D7C0F391C2048DF00C4963F /* Base */ = {isa = PBXFileReference; lastKnownFileType = file.xib; name = Base; path = Base.lproj/LaunchScreen.xib; sourceTree = "<group>"; };
		2D7C0F3B1C2048E900C4963F /* ViewController.swift */ = {isa = PBXFileReference; fileEncoding = 4; lastKnownFileType = sourcecode.swift; path = ViewController.swift; sourceTree = "<group>"; };
		2D9252951C2130D4000F61BF /* Photos.framework */ = {isa = PBXFileReference; lastKnownFileType = wrapper.framework; name = Photos.framework; path = System/Library/Frameworks/Photos.framework; sourceTree = SDKROOT; };
		2D9252A21C21368B000F61BF /* SaveImageUtility.swift */ = {isa = PBXFileReference; fileEncoding = 4; lastKnownFileType = sourcecode.swift; path = SaveImageUtility.swift; sourceTree = "<group>"; };
		2DA2BA7B1C1FE5CC00F8D16B /* ProgressIndicator.app */ = {isa = PBXFileReference; explicitFileType = wrapper.application; includeInIndex = 0; path = ProgressIndicator.app; sourceTree = BUILT_PRODUCTS_DIR; };
		2DA2BA7E1C1FE5CC00F8D16B /* AppDelegate.swift */ = {isa = PBXFileReference; lastKnownFileType = sourcecode.swift; path = AppDelegate.swift; sourceTree = "<group>"; };
		2DA2BA831C1FE5CC00F8D16B /* Base */ = {isa = PBXFileReference; lastKnownFileType = file.storyboard; name = Base; path = Base.lproj/Main.storyboard; sourceTree = "<group>"; };
		2DA2BA851C1FE5CC00F8D16B /* Assets.xcassets */ = {isa = PBXFileReference; lastKnownFileType = folder.assetcatalog; path = Assets.xcassets; sourceTree = "<group>"; };
		2DA2BA8A1C1FE5CC00F8D16B /* Info.plist */ = {isa = PBXFileReference; lastKnownFileType = text.plist.xml; path = Info.plist; sourceTree = "<group>"; };
		2DA2BA8F1C1FE5CC00F8D16B /* ProgressIndicatorTests.xctest */ = {isa = PBXFileReference; explicitFileType = wrapper.cfbundle; includeInIndex = 0; path = ProgressIndicatorTests.xctest; sourceTree = BUILT_PRODUCTS_DIR; };
		2DA2BA931C1FE5CC00F8D16B /* ProgressIndicatorTests.swift */ = {isa = PBXFileReference; lastKnownFileType = sourcecode.swift; path = ProgressIndicatorTests.swift; sourceTree = "<group>"; };
		2DA2BA951C1FE5CC00F8D16B /* Info.plist */ = {isa = PBXFileReference; lastKnownFileType = text.plist.xml; path = Info.plist; sourceTree = "<group>"; };
		2DA2BA9A1C1FE5CC00F8D16B /* ProgressIndicatorUITests.xctest */ = {isa = PBXFileReference; explicitFileType = wrapper.cfbundle; includeInIndex = 0; path = ProgressIndicatorUITests.xctest; sourceTree = BUILT_PRODUCTS_DIR; };
		2DA2BA9E1C1FE5CC00F8D16B /* ProgressIndicatorUITests.swift */ = {isa = PBXFileReference; lastKnownFileType = sourcecode.swift; path = ProgressIndicatorUITests.swift; sourceTree = "<group>"; };
		2DA2BAA01C1FE5CC00F8D16B /* Info.plist */ = {isa = PBXFileReference; lastKnownFileType = text.plist.xml; path = Info.plist; sourceTree = "<group>"; };
		2DA2BAB41C1FF12000F8D16B /* TAGProgressViewController.swift */ = {isa = PBXFileReference; fileEncoding = 4; lastKnownFileType = sourcecode.swift; path = TAGProgressViewController.swift; sourceTree = "<group>"; };
		2DA2BAB71C1FF16800F8D16B /* ProgressWithTextViewController.swift */ = {isa = PBXFileReference; fileEncoding = 4; lastKnownFileType = sourcecode.swift; path = ProgressWithTextViewController.swift; sourceTree = "<group>"; };
/* End PBXFileReference section */

/* Begin PBXFrameworksBuildPhase section */
		2DA2BA781C1FE5CC00F8D16B /* Frameworks */ = {
			isa = PBXFrameworksBuildPhase;
			buildActionMask = 2147483647;
			files = (
				2D92529F1C2133A6000F61BF /* Photos.framework in Frameworks */,
			);
			runOnlyForDeploymentPostprocessing = 0;
		};
		2DA2BA8C1C1FE5CC00F8D16B /* Frameworks */ = {
			isa = PBXFrameworksBuildPhase;
			buildActionMask = 2147483647;
			files = (
			);
			runOnlyForDeploymentPostprocessing = 0;
		};
		2DA2BA971C1FE5CC00F8D16B /* Frameworks */ = {
			isa = PBXFrameworksBuildPhase;
			buildActionMask = 2147483647;
			files = (
			);
			runOnlyForDeploymentPostprocessing = 0;
		};
/* End PBXFrameworksBuildPhase section */

/* Begin PBXGroup section */
		0BAF2D1B1C2141CE007181EC /* Resources */ = {
			isa = PBXGroup;
			children = (
				0B1712711C22C6320043523D /* BG.png */,
				0B1712721C22C6320043523D /* Splash_Portrait.png */,
				0B1712731C22C6320043523D /* TableTennis.png */,
				0B1712741C22C6320043523D /* TAG_Icon.png */,
			);
			path = Resources;
			sourceTree = "<group>";
		};
		0BAF2D1C1C2141F2007181EC /* Frameworks */ = {
			isa = PBXGroup;
			children = (
				2D9252951C2130D4000F61BF /* Photos.framework */,
			);
			path = Frameworks;
			sourceTree = "<group>";
		};
		2DA2BA721C1FE5CC00F8D16B = {
			isa = PBXGroup;
			children = (
				0BAF2D1C1C2141F2007181EC /* Frameworks */,
				0BAF2D1B1C2141CE007181EC /* Resources */,
				2DA2BAB21C1FF12000F8D16B /* Controller */,
				2DA2BA7D1C1FE5CC00F8D16B /* ProgressIndicator */,
				2DA2BA921C1FE5CC00F8D16B /* ProgressIndicatorTests */,
				2DA2BA9D1C1FE5CC00F8D16B /* ProgressIndicatorUITests */,
				2DA2BA7C1C1FE5CC00F8D16B /* Products */,
			);
			sourceTree = "<group>";
		};
		2DA2BA7C1C1FE5CC00F8D16B /* Products */ = {
			isa = PBXGroup;
			children = (
				2DA2BA7B1C1FE5CC00F8D16B /* ProgressIndicator.app */,
				2DA2BA8F1C1FE5CC00F8D16B /* ProgressIndicatorTests.xctest */,
				2DA2BA9A1C1FE5CC00F8D16B /* ProgressIndicatorUITests.xctest */,
			);
			name = Products;
			sourceTree = "<group>";
		};
		2DA2BA7D1C1FE5CC00F8D16B /* ProgressIndicator */ = {
			isa = PBXGroup;
			children = (
				2D7C0F381C2048DF00C4963F /* LaunchScreen.xib */,
				2DA2BA7E1C1FE5CC00F8D16B /* AppDelegate.swift */,
				2DA2BA821C1FE5CC00F8D16B /* Main.storyboard */,
				2DA2BA851C1FE5CC00F8D16B /* Assets.xcassets */,
				2DA2BA8A1C1FE5CC00F8D16B /* Info.plist */,
			);
			path = ProgressIndicator;
			sourceTree = "<group>";
		};
		2DA2BA921C1FE5CC00F8D16B /* ProgressIndicatorTests */ = {
			isa = PBXGroup;
			children = (
				2DA2BA931C1FE5CC00F8D16B /* ProgressIndicatorTests.swift */,
				2DA2BA951C1FE5CC00F8D16B /* Info.plist */,
			);
			path = ProgressIndicatorTests;
			sourceTree = "<group>";
		};
		2DA2BA9D1C1FE5CC00F8D16B /* ProgressIndicatorUITests */ = {
			isa = PBXGroup;
			children = (
				2DA2BA9E1C1FE5CC00F8D16B /* ProgressIndicatorUITests.swift */,
				2DA2BAA01C1FE5CC00F8D16B /* Info.plist */,
			);
			path = ProgressIndicatorUITests;
			sourceTree = "<group>";
		};
		2DA2BAB21C1FF12000F8D16B /* Controller */ = {
			isa = PBXGroup;
			children = (
				2D9252A21C21368B000F61BF /* SaveImageUtility.swift */,
				2D7C0F3B1C2048E900C4963F /* ViewController.swift */,
				2DA2BAB41C1FF12000F8D16B /* TAGProgressViewController.swift */,
				2DA2BAB71C1FF16800F8D16B /* ProgressWithTextViewController.swift */,
			);
			name = Controller;
			path = ProgressIndicator/Controller;
			sourceTree = "<group>";
		};
/* End PBXGroup section */

/* Begin PBXNativeTarget section */
		2DA2BA7A1C1FE5CC00F8D16B /* ProgressIndicator */ = {
			isa = PBXNativeTarget;
			buildConfigurationList = 2DA2BAA31C1FE5CC00F8D16B /* Build configuration list for PBXNativeTarget "ProgressIndicator" */;
			buildPhases = (
				2DA2BA771C1FE5CC00F8D16B /* Sources */,
				2DA2BA781C1FE5CC00F8D16B /* Frameworks */,
				2DA2BA791C1FE5CC00F8D16B /* Resources */,
			);
			buildRules = (
			);
			dependencies = (
			);
			name = ProgressIndicator;
			productName = ProgressIndicator;
			productReference = 2DA2BA7B1C1FE5CC00F8D16B /* ProgressIndicator.app */;
			productType = "com.apple.product-type.application";
		};
		2DA2BA8E1C1FE5CC00F8D16B /* ProgressIndicatorTests */ = {
			isa = PBXNativeTarget;
			buildConfigurationList = 2DA2BAA61C1FE5CC00F8D16B /* Build configuration list for PBXNativeTarget "ProgressIndicatorTests" */;
			buildPhases = (
				2DA2BA8B1C1FE5CC00F8D16B /* Sources */,
				2DA2BA8C1C1FE5CC00F8D16B /* Frameworks */,
				2DA2BA8D1C1FE5CC00F8D16B /* Resources */,
			);
			buildRules = (
			);
			dependencies = (
				2DA2BA911C1FE5CC00F8D16B /* PBXTargetDependency */,
			);
			name = ProgressIndicatorTests;
			productName = ProgressIndicatorTests;
			productReference = 2DA2BA8F1C1FE5CC00F8D16B /* ProgressIndicatorTests.xctest */;
			productType = "com.apple.product-type.bundle.unit-test";
		};
		2DA2BA991C1FE5CC00F8D16B /* ProgressIndicatorUITests */ = {
			isa = PBXNativeTarget;
			buildConfigurationList = 2DA2BAA91C1FE5CC00F8D16B /* Build configuration list for PBXNativeTarget "ProgressIndicatorUITests" */;
			buildPhases = (
				2DA2BA961C1FE5CC00F8D16B /* Sources */,
				2DA2BA971C1FE5CC00F8D16B /* Frameworks */,
				2DA2BA981C1FE5CC00F8D16B /* Resources */,
			);
			buildRules = (
			);
			dependencies = (
				2DA2BA9C1C1FE5CC00F8D16B /* PBXTargetDependency */,
			);
			name = ProgressIndicatorUITests;
			productName = ProgressIndicatorUITests;
			productReference = 2DA2BA9A1C1FE5CC00F8D16B /* ProgressIndicatorUITests.xctest */;
			productType = "com.apple.product-type.bundle.ui-testing";
		};
/* End PBXNativeTarget section */

/* Begin PBXProject section */
		2DA2BA731C1FE5CC00F8D16B /* Project object */ = {
			isa = PBXProject;
			attributes = {
				LastUpgradeCheck = 0700;
				ORGANIZATIONNAME = TheAppGuruz;
				TargetAttributes = {
					2DA2BA7A1C1FE5CC00F8D16B = {
						CreatedOnToolsVersion = 7.0;
					};
					2DA2BA8E1C1FE5CC00F8D16B = {
						CreatedOnToolsVersion = 7.0;
						TestTargetID = 2DA2BA7A1C1FE5CC00F8D16B;
					};
					2DA2BA991C1FE5CC00F8D16B = {
						CreatedOnToolsVersion = 7.0;
						TestTargetID = 2DA2BA7A1C1FE5CC00F8D16B;
					};
				};
			};
			buildConfigurationList = 2DA2BA761C1FE5CC00F8D16B /* Build configuration list for PBXProject "ProgressIndicator" */;
			compatibilityVersion = "Xcode 3.2";
			developmentRegion = English;
			hasScannedForEncodings = 0;
			knownRegions = (
				en,
				Base,
			);
			mainGroup = 2DA2BA721C1FE5CC00F8D16B;
			productRefGroup = 2DA2BA7C1C1FE5CC00F8D16B /* Products */;
			projectDirPath = "";
			projectRoot = "";
			targets = (
				2DA2BA7A1C1FE5CC00F8D16B /* ProgressIndicator */,
				2DA2BA8E1C1FE5CC00F8D16B /* ProgressIndicatorTests */,
				2DA2BA991C1FE5CC00F8D16B /* ProgressIndicatorUITests */,
			);
		};
/* End PBXProject section */

/* Begin PBXResourcesBuildPhase section */
		2DA2BA791C1FE5CC00F8D16B /* Resources */ = {
			isa = PBXResourcesBuildPhase;
			buildActionMask = 2147483647;
			files = (
				2D7C0F3A1C2048DF00C4963F /* LaunchScreen.xib in Resources */,
				0B1712761C22C6320043523D /* Splash_Portrait.png in Resources */,
				2DA2BA861C1FE5CC00F8D16B /* Assets.xcassets in Resources */,
				0B1712751C22C6320043523D /* BG.png in Resources */,
				2DA2BA841C1FE5CC00F8D16B /* Main.storyboard in Resources */,
				0B1712781C22C6320043523D /* TAG_Icon.png in Resources */,
				0B1712771C22C6320043523D /* TableTennis.png in Resources */,
			);
			runOnlyForDeploymentPostprocessing = 0;
		};
		2DA2BA8D1C1FE5CC00F8D16B /* Resources */ = {
			isa = PBXResourcesBuildPhase;
			buildActionMask = 2147483647;
			files = (
			);
			runOnlyForDeploymentPostprocessing = 0;
		};
		2DA2BA981C1FE5CC00F8D16B /* Resources */ = {
			isa = PBXResourcesBuildPhase;
			buildActionMask = 2147483647;
			files = (
			);
			runOnlyForDeploymentPostprocessing = 0;
		};
/* End PBXResourcesBuildPhase section */

/* Begin PBXSourcesBuildPhase section */
		2DA2BA771C1FE5CC00F8D16B /* Sources */ = {
			isa = PBXSourcesBuildPhase;
			buildActionMask = 2147483647;
			files = (
				2D7C0F3C1C2048E900C4963F /* ViewController.swift in Sources */,
				2DA2BAB81C1FF16800F8D16B /* ProgressWithTextViewController.swift in Sources */,
				2DA2BAB61C1FF12000F8D16B /* TAGProgressViewController.swift in Sources */,
				2D9252A31C21368B000F61BF /* SaveImageUtility.swift in Sources */,
				2DA2BA7F1C1FE5CC00F8D16B /* AppDelegate.swift in Sources */,
			);
			runOnlyForDeploymentPostprocessing = 0;
		};
		2DA2BA8B1C1FE5CC00F8D16B /* Sources */ = {
			isa = PBXSourcesBuildPhase;
			buildActionMask = 2147483647;
			files = (
				2DA2BA941C1FE5CC00F8D16B /* ProgressIndicatorTests.swift in Sources */,
			);
			runOnlyForDeploymentPostprocessing = 0;
		};
		2DA2BA961C1FE5CC00F8D16B /* Sources */ = {
			isa = PBXSourcesBuildPhase;
			buildActionMask = 2147483647;
			files = (
				2DA2BA9F1C1FE5CC00F8D16B /* ProgressIndicatorUITests.swift in Sources */,
			);
			runOnlyForDeploymentPostprocessing = 0;
		};
/* End PBXSourcesBuildPhase section */

/* Begin PBXTargetDependency section */
		2DA2BA911C1FE5CC00F8D16B /* PBXTargetDependency */ = {
			isa = PBXTargetDependency;
			target = 2DA2BA7A1C1FE5CC00F8D16B /* ProgressIndicator */;
			targetProxy = 2DA2BA901C1FE5CC00F8D16B /* PBXContainerItemProxy */;
		};
		2DA2BA9C1C1FE5CC00F8D16B /* PBXTargetDependency */ = {
			isa = PBXTargetDependency;
			target = 2DA2BA7A1C1FE5CC00F8D16B /* ProgressIndicator */;
			targetProxy = 2DA2BA9B1C1FE5CC00F8D16B /* PBXContainerItemProxy */;
		};
/* End PBXTargetDependency section */

/* Begin PBXVariantGroup section */
		2D7C0F381C2048DF00C4963F /* LaunchScreen.xib */ = {
			isa = PBXVariantGroup;
			children = (
				2D7C0F391C2048DF00C4963F /* Base */,
			);
			name = LaunchScreen.xib;
			sourceTree = "<group>";
		};
		2DA2BA821C1FE5CC00F8D16B /* Main.storyboard */ = {
			isa = PBXVariantGroup;
			children = (
				2DA2BA831C1FE5CC00F8D16B /* Base */,
			);
			name = Main.storyboard;
			sourceTree = "<group>";
		};
/* End PBXVariantGroup section */

/* Begin XCBuildConfiguration section */
		2DA2BAA11C1FE5CC00F8D16B /* Debug */ = {
			isa = XCBuildConfiguration;
			buildSettings = {
				ALWAYS_SEARCH_USER_PATHS = NO;
				CLANG_CXX_LANGUAGE_STANDARD = "gnu++0x";
				CLANG_CXX_LIBRARY = "libc++";
				CLANG_ENABLE_MODULES = YES;
				CLANG_ENABLE_OBJC_ARC = YES;
				CLANG_WARN_BOOL_CONVERSION = YES;
				CLANG_WARN_CONSTANT_CONVERSION = YES;
				CLANG_WARN_DIRECT_OBJC_ISA_USAGE = YES_ERROR;
				CLANG_WARN_EMPTY_BODY = YES;
				CLANG_WARN_ENUM_CONVERSION = YES;
				CLANG_WARN_INT_CONVERSION = YES;
				CLANG_WARN_OBJC_ROOT_CLASS = YES_ERROR;
				CLANG_WARN_UNREACHABLE_CODE = YES;
				CLANG_WARN__DUPLICATE_METHOD_MATCH = YES;
				"CODE_SIGN_IDENTITY[sdk=iphoneos*]" = "iPhone Developer";
				COPY_PHASE_STRIP = NO;
				DEBUG_INFORMATION_FORMAT = dwarf;
				ENABLE_STRICT_OBJC_MSGSEND = YES;
				ENABLE_TESTABILITY = YES;
				GCC_C_LANGUAGE_STANDARD = gnu99;
				GCC_DYNAMIC_NO_PIC = NO;
				GCC_NO_COMMON_BLOCKS = YES;
				GCC_OPTIMIZATION_LEVEL = 0;
				GCC_PREPROCESSOR_DEFINITIONS = (
					"DEBUG=1",
					"$(inherited)",
				);
				GCC_WARN_64_TO_32_BIT_CONVERSION = YES;
				GCC_WARN_ABOUT_RETURN_TYPE = YES_ERROR;
				GCC_WARN_UNDECLARED_SELECTOR = YES;
				GCC_WARN_UNINITIALIZED_AUTOS = YES_AGGRESSIVE;
				GCC_WARN_UNUSED_FUNCTION = YES;
				GCC_WARN_UNUSED_VARIABLE = YES;
				IPHONEOS_DEPLOYMENT_TARGET = 9.0;
				MTL_ENABLE_DEBUG_INFO = YES;
				ONLY_ACTIVE_ARCH = YES;
				SDKROOT = iphoneos;
				SWIFT_OPTIMIZATION_LEVEL = "-Onone";
				TARGETED_DEVICE_FAMILY = "1,2";
			};
			name = Debug;
		};
		2DA2BAA21C1FE5CC00F8D16B /* Release */ = {
			isa = XCBuildConfiguration;
			buildSettings = {
				ALWAYS_SEARCH_USER_PATHS = NO;
				CLANG_CXX_LANGUAGE_STANDARD = "gnu++0x";
				CLANG_CXX_LIBRARY = "libc++";
				CLANG_ENABLE_MODULES = YES;
				CLANG_ENABLE_OBJC_ARC = YES;
				CLANG_WARN_BOOL_CONVERSION = YES;
				CLANG_WARN_CONSTANT_CONVERSION = YES;
				CLANG_WARN_DIRECT_OBJC_ISA_USAGE = YES_ERROR;
				CLANG_WARN_EMPTY_BODY = YES;
				CLANG_WARN_ENUM_CONVERSION = YES;
				CLANG_WARN_INT_CONVERSION = YES;
				CLANG_WARN_OBJC_ROOT_CLASS = YES_ERROR;
				CLANG_WARN_UNREACHABLE_CODE = YES;
				CLANG_WARN__DUPLICATE_METHOD_MATCH = YES;
				"CODE_SIGN_IDENTITY[sdk=iphoneos*]" = "iPhone Developer";
				COPY_PHASE_STRIP = NO;
				DEBUG_INFORMATION_FORMAT = "dwarf-with-dsym";
				ENABLE_NS_ASSERTIONS = NO;
				ENABLE_STRICT_OBJC_MSGSEND = YES;
				GCC_C_LANGUAGE_STANDARD = gnu99;
				GCC_NO_COMMON_BLOCKS = YES;
				GCC_WARN_64_TO_32_BIT_CONVERSION = YES;
				GCC_WARN_ABOUT_RETURN_TYPE = YES_ERROR;
				GCC_WARN_UNDECLARED_SELECTOR = YES;
				GCC_WARN_UNINITIALIZED_AUTOS = YES_AGGRESSIVE;
				GCC_WARN_UNUSED_FUNCTION = YES;
				GCC_WARN_UNUSED_VARIABLE = YES;
				IPHONEOS_DEPLOYMENT_TARGET = 9.0;
				MTL_ENABLE_DEBUG_INFO = NO;
				SDKROOT = iphoneos;
				TARGETED_DEVICE_FAMILY = "1,2";
				VALIDATE_PRODUCT = YES;
			};
			name = Release;
		};
		2DA2BAA41C1FE5CC00F8D16B /* Debug */ = {
			isa = XCBuildConfiguration;
			buildSettings = {
				ASSETCATALOG_COMPILER_APPICON_NAME = AppIcon;
				ASSETCATALOG_COMPILER_LAUNCHIMAGE_NAME = "Brand Assets";
				INFOPLIST_FILE = ProgressIndicator/Info.plist;
				IPHONEOS_DEPLOYMENT_TARGET = 8.1;
				LD_RUNPATH_SEARCH_PATHS = "$(inherited) @executable_path/Frameworks";
				PRODUCT_BUNDLE_IDENTIFIER = com.tag.ProgressIndicator;
				PRODUCT_NAME = "$(TARGET_NAME)";
			};
			name = Debug;
		};
		2DA2BAA51C1FE5CC00F8D16B /* Release */ = {
			isa = XCBuildConfiguration;
			buildSettings = {
				ASSETCATALOG_COMPILER_APPICON_NAME = AppIcon;
				ASSETCATALOG_COMPILER_LAUNCHIMAGE_NAME = "Brand Assets";
				INFOPLIST_FILE = ProgressIndicator/Info.plist;
				IPHONEOS_DEPLOYMENT_TARGET = 8.1;
				LD_RUNPATH_SEARCH_PATHS = "$(inherited) @executable_path/Frameworks";
				PRODUCT_BUNDLE_IDENTIFIER = com.tag.ProgressIndicator;
				PRODUCT_NAME = "$(TARGET_NAME)";
			};
			name = Release;
		};
		2DA2BAA71C1FE5CC00F8D16B /* Debug */ = {
			isa = XCBuildConfiguration;
			buildSettings = {
				BUNDLE_LOADER = "$(TEST_HOST)";
				INFOPLIST_FILE = ProgressIndicatorTests/Info.plist;
				LD_RUNPATH_SEARCH_PATHS = "$(inherited) @executable_path/Frameworks @loader_path/Frameworks";
				PRODUCT_BUNDLE_IDENTIFIER = com.tag.ProgressIndicatorTests;
				PRODUCT_NAME = "$(TARGET_NAME)";
				TEST_HOST = "$(BUILT_PRODUCTS_DIR)/ProgressIndicator.app/ProgressIndicator";
			};
			name = Debug;
		};
		2DA2BAA81C1FE5CC00F8D16B /* Release */ = {
			isa = XCBuildConfiguration;
			buildSettings = {
				BUNDLE_LOADER = "$(TEST_HOST)";
				INFOPLIST_FILE = ProgressIndicatorTests/Info.plist;
				LD_RUNPATH_SEARCH_PATHS = "$(inherited) @executable_path/Frameworks @loader_path/Frameworks";
				PRODUCT_BUNDLE_IDENTIFIER = com.tag.ProgressIndicatorTests;
				PRODUCT_NAME = "$(TARGET_NAME)";
				TEST_HOST = "$(BUILT_PRODUCTS_DIR)/ProgressIndicator.app/ProgressIndicator";
			};
			name = Release;
		};
		2DA2BAAA1C1FE5CC00F8D16B /* Debug */ = {
			isa = XCBuildConfiguration;
			buildSettings = {
				INFOPLIST_FILE = ProgressIndicatorUITests/Info.plist;
				LD_RUNPATH_SEARCH_PATHS = "$(inherited) @executable_path/Frameworks @loader_path/Frameworks";
				PRODUCT_BUNDLE_IDENTIFIER = com.tag.ProgressIndicatorUITests;
				PRODUCT_NAME = "$(TARGET_NAME)";
				TEST_TARGET_NAME = ProgressIndicator;
				USES_XCTRUNNER = YES;
			};
			name = Debug;
		};
		2DA2BAAB1C1FE5CC00F8D16B /* Release */ = {
			isa = XCBuildConfiguration;
			buildSettings = {
				INFOPLIST_FILE = ProgressIndicatorUITests/Info.plist;
				LD_RUNPATH_SEARCH_PATHS = "$(inherited) @executable_path/Frameworks @loader_path/Frameworks";
				PRODUCT_BUNDLE_IDENTIFIER = com.tag.ProgressIndicatorUITests;
				PRODUCT_NAME = "$(TARGET_NAME)";
				TEST_TARGET_NAME = ProgressIndicator;
				USES_XCTRUNNER = YES;
			};
			name = Release;
		};
/* End XCBuildConfiguration section */

/* Begin XCConfigurationList section */
		2DA2BA761C1FE5CC00F8D16B /* Build configuration list for PBXProject "ProgressIndicator" */ = {
			isa = XCConfigurationList;
			buildConfigurations = (
				2DA2BAA11C1FE5CC00F8D16B /* Debug */,
				2DA2BAA21C1FE5CC00F8D16B /* Release */,
			);
			defaultConfigurationIsVisible = 0;
			defaultConfigurationName = Release;
		};
		2DA2BAA31C1FE5CC00F8D16B /* Build configuration list for PBXNativeTarget "ProgressIndicator" */ = {
			isa = XCConfigurationList;
			buildConfigurations = (
				2DA2BAA41C1FE5CC00F8D16B /* Debug */,
				2DA2BAA51C1FE5CC00F8D16B /* Release */,
			);
			defaultConfigurationIsVisible = 0;
			defaultConfigurationName = Release;
		};
		2DA2BAA61C1FE5CC00F8D16B /* Build configuration list for PBXNativeTarget "ProgressIndicatorTests" */ = {
			isa = XCConfigurationList;
			buildConfigurations = (
				2DA2BAA71C1FE5CC00F8D16B /* Debug */,
				2DA2BAA81C1FE5CC00F8D16B /* Release */,
			);
			defaultConfigurationIsVisible = 0;
			defaultConfigurationName = Release;
		};
		2DA2BAA91C1FE5CC00F8D16B /* Build configuration list for PBXNativeTarget "ProgressIndicatorUITests" */ = {
			isa = XCConfigurationList;
			buildConfigurations = (
				2DA2BAAA1C1FE5CC00F8D16B /* Debug */,
				2DA2BAAB1C1FE5CC00F8D16B /* Release */,
			);
			defaultConfigurationIsVisible = 0;
			defaultConfigurationName = Release;
		};
/* End XCConfigurationList section */
	};
	rootObject = 2DA2BA731C1FE5CC00F8D16B /* Project object */;
}
